
Microsoft Visual Studio Solution File, Format Version 12.00
# Visual Studio Version 17
VisualStudioVersion = 17.5.33424.131
MinimumVisualStudioVersion = 10.0.40219.1
Project("{9A19103F-16F7-4668-BE54-9A1E7A4F7556}") = "Editme.API", "Editme.API\Editme.API.csproj", "{441BF434-95BA-4BBE-B031-EAF6DCC3BD4F}"
EndProject
Project("{2150E333-8FDC-42A3-9474-1A3956D46DE8}") = "Solution Items", "Solution Items", "{2A728B70-CFB1-4DA2-8A6F-06506FCCD381}"
	ProjectSection(SolutionItems) = preProject
		.gitattributes = .gitattributes
		.gitignore = .gitignore
	EndProjectSection
EndProject
Project("{FAE04EC0-301F-11D3-BF4B-00C04F79EFBC}") = "Editme.DAL", "Editme.DAL\Editme.DAL.csproj", "{D5001D08-92CE-4F0E-A60B-B243A11A895E}"
EndProject
Project("{FAE04EC0-301F-11D3-BF4B-00C04F79EFBC}") = "Editme.Entities", "Editme.Entities\Editme.Entities.csproj", "{F1059A9B-B1CD-4534-B360-8909D5EBE12D}"
EndProject
Project("{FAE04EC0-301F-11D3-BF4B-00C04F79EFBC}") = "Editme.BusinessLayer", "Editme.BusinessLayer\Editme.BusinessLayer.csproj", "{0E3A0A30-4FCB-4614-AECC-69442C4CB963}"
EndProject
Global
	GlobalSection(SolutionConfigurationPlatforms) = preSolution
		Debug|Any CPU = Debug|Any CPU
		Release|Any CPU = Release|Any CPU
	EndGlobalSection
	GlobalSection(ProjectConfigurationPlatforms) = postSolution
		{441BF434-95BA-4BBE-B031-EAF6DCC3BD4F}.Debug|Any CPU.ActiveCfg = Debug|Any CPU
		{441BF434-95BA-4BBE-B031-EAF6DCC3BD4F}.Debug|Any CPU.Build.0 = Debug|Any CPU
		{441BF434-95BA-4BBE-B031-EAF6DCC3BD4F}.Release|Any CPU.ActiveCfg = Release|Any CPU
		{441BF434-95BA-4BBE-B031-EAF6DCC3BD4F}.Release|Any CPU.Build.0 = Release|Any CPU
		{D5001D08-92CE-4F0E-A60B-B243A11A895E}.Debug|Any CPU.ActiveCfg = Debug|Any CPU
		{D5001D08-92CE-4F0E-A60B-B243A11A895E}.Debug|Any CPU.Build.0 = Debug|Any CPU
		{D5001D08-92CE-4F0E-A60B-B243A11A895E}.Release|Any CPU.ActiveCfg = Release|Any CPU
		{D5001D08-92CE-4F0E-A60B-B243A11A895E}.Release|Any CPU.Build.0 = Release|Any CPU
		{F1059A9B-B1CD-4534-B360-8909D5EBE12D}.Debug|Any CPU.ActiveCfg = Debug|Any CPU
		{F1059A9B-B1CD-4534-B360-8909D5EBE12D}.Debug|Any CPU.Build.0 = Debug|Any CPU
		{F1059A9B-B1CD-4534-B360-8909D5EBE12D}.Release|Any CPU.ActiveCfg = Release|Any CPU
		{F1059A9B-B1CD-4534-B360-8909D5EBE12D}.Release|Any CPU.Build.0 = Release|Any CPU
		{0E3A0A30-4FCB-4614-AECC-69442C4CB963}.Debug|Any CPU.ActiveCfg = Debug|Any CPU
		{0E3A0A30-4FCB-4614-AECC-69442C4CB963}.Debug|Any CPU.Build.0 = Debug|Any CPU
		{0E3A0A30-4FCB-4614-AECC-69442C4CB963}.Release|Any CPU.ActiveCfg = Release|Any CPU
		{0E3A0A30-4FCB-4614-AECC-69442C4CB963}.Release|Any CPU.Build.0 = Release|Any CPU
	EndGlobalSection
	GlobalSection(SolutionProperties) = preSolution
		HideSolutionNode = FALSE
	EndGlobalSection
	GlobalSection(ExtensibilityGlobals) = postSolution
		SolutionGuid = {BAF6E930-ACF9-4A21-AEB0-BED1DC83BC98}
	EndGlobalSection
EndGlobal
